// !$*UTF8*$!
{
	archiveVersion = 1;
	classes = {
	};
	objectVersion = 55;
	objects = {

/* Begin PBXBuildFile section */
		2C423F18271C83B5002128CE /* LaunchScreen.storyboard in Resources */ = {isa = PBXBuildFile; fileRef = 2C423F17271C83B5002128CE /* LaunchScreen.storyboard */; };
		2C423F1B271C88B0002128CE /* InstanceProvider.swift in Sources */ = {isa = PBXBuildFile; fileRef = 2C423F1A271C88B0002128CE /* InstanceProvider.swift */; };
		2C423F1E271C8A3A002128CE /* Swinject in Frameworks */ = {isa = PBXBuildFile; productRef = 2C423F1D271C8A3A002128CE /* Swinject */; };
		2C423F24271C8AB5002128CE /* SwinjectInstanceProvider.swift in Sources */ = {isa = PBXBuildFile; fileRef = 2C423F23271C8AB5002128CE /* SwinjectInstanceProvider.swift */; };
		2C423F26271C8ACA002128CE /* InstanceProviderAssembly.swift in Sources */ = {isa = PBXBuildFile; fileRef = 2C423F25271C8ACA002128CE /* InstanceProviderAssembly.swift */; };
		2C423F28271C8ADD002128CE /* AppStart.swift in Sources */ = {isa = PBXBuildFile; fileRef = 2C423F27271C8ADD002128CE /* AppStart.swift */; };
		2C423F2B271C8AFE002128CE /* BreedsAssembly.swift in Sources */ = {isa = PBXBuildFile; fileRef = 2C423F2A271C8AFE002128CE /* BreedsAssembly.swift */; };
		2C423F2E271C8B70002128CE /* SwinjectAutoregistration in Frameworks */ = {isa = PBXBuildFile; productRef = 2C423F2D271C8B70002128CE /* SwinjectAutoregistration */; };
		2C423F34271C8E7F002128CE /* APIConfiguration.swift in Sources */ = {isa = PBXBuildFile; fileRef = 2C423F33271C8E7F002128CE /* APIConfiguration.swift */; };
		2C423F37271C8EAB002128CE /* APIAssembly.swift in Sources */ = {isa = PBXBuildFile; fileRef = 2C423F36271C8EAB002128CE /* APIAssembly.swift */; };
		2C609A6C271C927000C564B9 /* Logger.swift in Sources */ = {isa = PBXBuildFile; fileRef = 2C609A6B271C927000C564B9 /* Logger.swift */; };
		2CAC2388271C7F1E004DEB5A /* BreedsViewController.swift in Sources */ = {isa = PBXBuildFile; fileRef = 2CAC2387271C7F1E004DEB5A /* BreedsViewController.swift */; };
		2CB30FCF271C7DC500E8E196 /* AppDelegate.swift in Sources */ = {isa = PBXBuildFile; fileRef = 2CB30FCE271C7DC500E8E196 /* AppDelegate.swift */; };
		2CB30FD8271C7DC600E8E196 /* Assets.xcassets in Resources */ = {isa = PBXBuildFile; fileRef = 2CB30FD7271C7DC600E8E196 /* Assets.xcassets */; };
		2CDBA1FA271C915E00CDD1F2 /* DogsTests.swift in Sources */ = {isa = PBXBuildFile; fileRef = 2CDBA1F9271C915E00CDD1F2 /* DogsTests.swift */; };
/* End PBXBuildFile section */

/* Begin PBXContainerItemProxy section */
		2CDBA1FB271C915E00CDD1F2 /* PBXContainerItemProxy */ = {
			isa = PBXContainerItemProxy;
			containerPortal = 2CB30FC3271C7DC500E8E196 /* Project object */;
			proxyType = 1;
			remoteGlobalIDString = 2CB30FCA271C7DC500E8E196;
			remoteInfo = Dogs;
		};
/* End PBXContainerItemProxy section */

/* Begin PBXFileReference section */
		2C423F17271C83B5002128CE /* LaunchScreen.storyboard */ = {isa = PBXFileReference; fileEncoding = 4; lastKnownFileType = file.storyboard; path = LaunchScreen.storyboard; sourceTree = "<group>"; };
		2C423F1A271C88B0002128CE /* InstanceProvider.swift */ = {isa = PBXFileReference; lastKnownFileType = sourcecode.swift; path = InstanceProvider.swift; sourceTree = "<group>"; };
		2C423F23271C8AB5002128CE /* SwinjectInstanceProvider.swift */ = {isa = PBXFileReference; lastKnownFileType = sourcecode.swift; path = SwinjectInstanceProvider.swift; sourceTree = "<group>"; };
		2C423F25271C8ACA002128CE /* InstanceProviderAssembly.swift */ = {isa = PBXFileReference; lastKnownFileType = sourcecode.swift; path = InstanceProviderAssembly.swift; sourceTree = "<group>"; };
		2C423F27271C8ADD002128CE /* AppStart.swift */ = {isa = PBXFileReference; lastKnownFileType = sourcecode.swift; path = AppStart.swift; sourceTree = "<group>"; };
		2C423F2A271C8AFE002128CE /* BreedsAssembly.swift */ = {isa = PBXFileReference; lastKnownFileType = sourcecode.swift; path = BreedsAssembly.swift; sourceTree = "<group>"; };
		2C423F33271C8E7F002128CE /* APIConfiguration.swift */ = {isa = PBXFileReference; lastKnownFileType = sourcecode.swift; path = APIConfiguration.swift; sourceTree = "<group>"; };
		2C423F36271C8EAB002128CE /* APIAssembly.swift */ = {isa = PBXFileReference; lastKnownFileType = sourcecode.swift; path = APIAssembly.swift; sourceTree = "<group>"; };
		2C609A6B271C927000C564B9 /* Logger.swift */ = {isa = PBXFileReference; lastKnownFileType = sourcecode.swift; path = Logger.swift; sourceTree = "<group>"; };
		2CAC2387271C7F1E004DEB5A /* BreedsViewController.swift */ = {isa = PBXFileReference; lastKnownFileType = sourcecode.swift; path = BreedsViewController.swift; sourceTree = "<group>"; };
		2CAC23C6271C81AA004DEB5A /* Info.plist */ = {isa = PBXFileReference; fileEncoding = 4; lastKnownFileType = text.plist.xml; path = Info.plist; sourceTree = "<group>"; };
		2CB30FCB271C7DC500E8E196 /* Dogs.app */ = {isa = PBXFileReference; explicitFileType = wrapper.application; includeInIndex = 0; path = Dogs.app; sourceTree = BUILT_PRODUCTS_DIR; };
		2CB30FCE271C7DC500E8E196 /* AppDelegate.swift */ = {isa = PBXFileReference; lastKnownFileType = sourcecode.swift; path = AppDelegate.swift; sourceTree = "<group>"; };
		2CB30FD7271C7DC600E8E196 /* Assets.xcassets */ = {isa = PBXFileReference; lastKnownFileType = folder.assetcatalog; path = Assets.xcassets; sourceTree = "<group>"; };
		2CDBA1F7271C915E00CDD1F2 /* DogsTests.xctest */ = {isa = PBXFileReference; explicitFileType = wrapper.cfbundle; includeInIndex = 0; path = DogsTests.xctest; sourceTree = BUILT_PRODUCTS_DIR; };
		2CDBA1F9271C915E00CDD1F2 /* DogsTests.swift */ = {isa = PBXFileReference; lastKnownFileType = sourcecode.swift; path = DogsTests.swift; sourceTree = "<group>"; };
/* End PBXFileReference section */

/* Begin PBXFrameworksBuildPhase section */
		2CB30FC8271C7DC500E8E196 /* Frameworks */ = {
			isa = PBXFrameworksBuildPhase;
			buildActionMask = 2147483647;
			files = (
				2C423F1E271C8A3A002128CE /* Swinject in Frameworks */,
				2C423F2E271C8B70002128CE /* SwinjectAutoregistration in Frameworks */,
			);
			runOnlyForDeploymentPostprocessing = 0;
		};
		2CDBA1F4271C915E00CDD1F2 /* Frameworks */ = {
			isa = PBXFrameworksBuildPhase;
			buildActionMask = 2147483647;
			files = (
			);
			runOnlyForDeploymentPostprocessing = 0;
		};
/* End PBXFrameworksBuildPhase section */

/* Begin PBXGroup section */
		2C423F19271C8899002128CE /* Instance Provider */ = {
			isa = PBXGroup;
			children = (
				2C423F20271C8A81002128CE /* Infrastructure */,
				2C423F22271C8A9F002128CE /* Injection */,
				2C423F21271C8A97002128CE /* System */,
			);
			path = "Instance Provider";
			sourceTree = "<group>";
		};
		2C423F20271C8A81002128CE /* Infrastructure */ = {
			isa = PBXGroup;
			children = (
				2C423F1A271C88B0002128CE /* InstanceProvider.swift */,
			);
			path = Infrastructure;
			sourceTree = "<group>";
		};
		2C423F21271C8A97002128CE /* System */ = {
			isa = PBXGroup;
			children = (
				2C423F23271C8AB5002128CE /* SwinjectInstanceProvider.swift */,
			);
			path = System;
			sourceTree = "<group>";
		};
		2C423F22271C8A9F002128CE /* Injection */ = {
			isa = PBXGroup;
			children = (
				2C423F25271C8ACA002128CE /* InstanceProviderAssembly.swift */,
			);
			path = Injection;
			sourceTree = "<group>";
		};
		2C423F29271C8AF5002128CE /* Injection */ = {
			isa = PBXGroup;
			children = (
				2C423F2A271C8AFE002128CE /* BreedsAssembly.swift */,
			);
			path = Injection;
			sourceTree = "<group>";
		};
		2C423F2C271C8B70002128CE /* Frameworks */ = {
			isa = PBXGroup;
			children = (
			);
			name = Frameworks;
			sourceTree = "<group>";
		};
		2C423F2F271C8C75002128CE /* Domain */ = {
			isa = PBXGroup;
			children = (
			);
			path = Domain;
			sourceTree = "<group>";
		};
		2C423F30271C8C79002128CE /* Data Access */ = {
			isa = PBXGroup;
			children = (
			);
			path = "Data Access";
			sourceTree = "<group>";
		};
		2C423F32271C8E6F002128CE /* API */ = {
			isa = PBXGroup;
			children = (
				2C423F35271C8EA0002128CE /* Data Access */,
				2C423F38271C8EAE002128CE /* Injection */,
			);
			path = API;
			sourceTree = "<group>";
		};
		2C423F35271C8EA0002128CE /* Data Access */ = {
			isa = PBXGroup;
			children = (
				2C423F33271C8E7F002128CE /* APIConfiguration.swift */,
			);
			path = "Data Access";
			sourceTree = "<group>";
		};
		2C423F38271C8EAE002128CE /* Injection */ = {
			isa = PBXGroup;
			children = (
				2C423F36271C8EAB002128CE /* APIAssembly.swift */,
			);
			path = Injection;
			sourceTree = "<group>";
		};
		2C609A66271C918A00C564B9 /* Generic */ = {
			isa = PBXGroup;
			children = (
				2C609A67271C918F00C564B9 /* API */,
			);
			path = Generic;
			sourceTree = "<group>";
		};
		2C609A67271C918F00C564B9 /* API */ = {
			isa = PBXGroup;
			children = (
				2C609A68271C919800C564B9 /* Data Access */,
			);
			path = API;
			sourceTree = "<group>";
		};
		2C609A68271C919800C564B9 /* Data Access */ = {
			isa = PBXGroup;
			children = (
				2CDBA1F9271C915E00CDD1F2 /* DogsTests.swift */,
			);
			path = "Data Access";
			sourceTree = "<group>";
		};
		2C609A69271C925900C564B9 /* Features */ = {
			isa = PBXGroup;
			children = (
				2C609A6F271C930300C564B9 /* Breed Detail */,
				2C609A6D271C92F300C564B9 /* Breeds */,
			);
			path = Features;
			sourceTree = "<group>";
		};
		2C609A6A271C926400C564B9 /* Logger */ = {
			isa = PBXGroup;
			children = (
				2C609A6B271C927000C564B9 /* Logger.swift */,
			);
			path = Logger;
			sourceTree = "<group>";
		};
		2C609A6D271C92F300C564B9 /* Breeds */ = {
			isa = PBXGroup;
			children = (
			);
			path = Breeds;
			sourceTree = "<group>";
		};
		2C609A6E271C92FC00C564B9 /* Breed Detail */ = {
			isa = PBXGroup;
			children = (
			);
			path = "Breed Detail";
			sourceTree = "<group>";
		};
		2C609A6F271C930300C564B9 /* Breed Detail */ = {
			isa = PBXGroup;
			children = (
			);
			path = "Breed Detail";
			sourceTree = "<group>";
		};
		2C609A70271C932300C564B9 /* Presentation */ = {
			isa = PBXGroup;
			children = (
			);
			path = Presentation;
			sourceTree = "<group>";
		};
		2CAC2381271C7E35004DEB5A /* Assets */ = {
			isa = PBXGroup;
			children = (
				2C423F17271C83B5002128CE /* LaunchScreen.storyboard */,
				2CAC23C6271C81AA004DEB5A /* Info.plist */,
				2CB30FD7271C7DC600E8E196 /* Assets.xcassets */,
			);
			path = Assets;
			sourceTree = "<group>";
		};
		2CAC2382271C7E5A004DEB5A /* App */ = {
			isa = PBXGroup;
			children = (
				2CAC2381271C7E35004DEB5A /* Assets */,
				2CB30FCE271C7DC500E8E196 /* AppDelegate.swift */,
				2C423F27271C8ADD002128CE /* AppStart.swift */,
			);
			path = App;
			sourceTree = "<group>";
		};
		2CAC2383271C7E63004DEB5A /* Infrastructure */ = {
			isa = PBXGroup;
			children = (
				2C609A6A271C926400C564B9 /* Logger */,
				2C423F19271C8899002128CE /* Instance Provider */,
			);
			path = Infrastructure;
			sourceTree = "<group>";
		};
		2CAC2384271C7ED8004DEB5A /* Features */ = {
			isa = PBXGroup;
			children = (
				2C609A6E271C92FC00C564B9 /* Breed Detail */,
				2CAC2386271C7EFE004DEB5A /* Breeds */,
			);
			path = Features;
			sourceTree = "<group>";
		};
		2CAC2385271C7EE0004DEB5A /* Generic */ = {
			isa = PBXGroup;
			children = (
				2C423F32271C8E6F002128CE /* API */,
			);
			path = Generic;
			sourceTree = "<group>";
		};
		2CAC2386271C7EFE004DEB5A /* Breeds */ = {
			isa = PBXGroup;
			children = (
				2C609A70271C932300C564B9 /* Presentation */,
				2C423F30271C8C79002128CE /* Data Access */,
				2C423F2F271C8C75002128CE /* Domain */,
				2C423F29271C8AF5002128CE /* Injection */,
				2CAC2389271C7F6B004DEB5A /* View */,
			);
			path = Breeds;
			sourceTree = "<group>";
		};
		2CAC2389271C7F6B004DEB5A /* View */ = {
			isa = PBXGroup;
			children = (
				2CAC2387271C7F1E004DEB5A /* BreedsViewController.swift */,
			);
			path = View;
			sourceTree = "<group>";
		};
		2CB30FC2271C7DC500E8E196 = {
			isa = PBXGroup;
			children = (
				2CB30FCD271C7DC500E8E196 /* Dogs */,
				2CDBA1F8271C915E00CDD1F2 /* DogsTests */,
				2CB30FCC271C7DC500E8E196 /* Products */,
				2C423F2C271C8B70002128CE /* Frameworks */,
			);
			sourceTree = "<group>";
		};
		2CB30FCC271C7DC500E8E196 /* Products */ = {
			isa = PBXGroup;
			children = (
				2CB30FCB271C7DC500E8E196 /* Dogs.app */,
				2CDBA1F7271C915E00CDD1F2 /* DogsTests.xctest */,
			);
			name = Products;
			sourceTree = "<group>";
		};
		2CB30FCD271C7DC500E8E196 /* Dogs */ = {
			isa = PBXGroup;
			children = (
				2CAC2382271C7E5A004DEB5A /* App */,
				2CAC2384271C7ED8004DEB5A /* Features */,
				2CAC2385271C7EE0004DEB5A /* Generic */,
				2CAC2383271C7E63004DEB5A /* Infrastructure */,
			);
			path = Dogs;
			sourceTree = "<group>";
		};
		2CDBA1F8271C915E00CDD1F2 /* DogsTests */ = {
			isa = PBXGroup;
			children = (
				2C609A69271C925900C564B9 /* Features */,
				2C609A66271C918A00C564B9 /* Generic */,
			);
			path = DogsTests;
			sourceTree = "<group>";
		};
/* End PBXGroup section */

/* Begin PBXNativeTarget section */
		2CB30FCA271C7DC500E8E196 /* Dogs */ = {
			isa = PBXNativeTarget;
			buildConfigurationList = 2CB30FF5271C7DC600E8E196 /* Build configuration list for PBXNativeTarget "Dogs" */;
			buildPhases = (
				2CB30FC7271C7DC500E8E196 /* Sources */,
				2CB30FC8271C7DC500E8E196 /* Frameworks */,
				2CB30FC9271C7DC500E8E196 /* Resources */,
			);
			buildRules = (
			);
			dependencies = (
			);
			name = Dogs;
			packageProductDependencies = (
				2C423F1D271C8A3A002128CE /* Swinject */,
				2C423F2D271C8B70002128CE /* SwinjectAutoregistration */,
			);
			productName = Dogs;
			productReference = 2CB30FCB271C7DC500E8E196 /* Dogs.app */;
			productType = "com.apple.product-type.application";
		};
		2CDBA1F6271C915E00CDD1F2 /* DogsTests */ = {
			isa = PBXNativeTarget;
			buildConfigurationList = 2CDBA1FD271C915E00CDD1F2 /* Build configuration list for PBXNativeTarget "DogsTests" */;
			buildPhases = (
				2CDBA1F3271C915E00CDD1F2 /* Sources */,
				2CDBA1F4271C915E00CDD1F2 /* Frameworks */,
				2CDBA1F5271C915E00CDD1F2 /* Resources */,
			);
			buildRules = (
			);
			dependencies = (
				2CDBA1FC271C915E00CDD1F2 /* PBXTargetDependency */,
			);
			name = DogsTests;
			productName = DogsTests;
			productReference = 2CDBA1F7271C915E00CDD1F2 /* DogsTests.xctest */;
			productType = "com.apple.product-type.bundle.unit-test";
		};
/* End PBXNativeTarget section */

/* Begin PBXProject section */
		2CB30FC3271C7DC500E8E196 /* Project object */ = {
			isa = PBXProject;
			attributes = {
				BuildIndependentTargetsInParallel = 1;
				LastSwiftUpdateCheck = 1300;
				LastUpgradeCheck = 1300;
				TargetAttributes = {
					2CB30FCA271C7DC500E8E196 = {
						CreatedOnToolsVersion = 13.0;
					};
					2CDBA1F6271C915E00CDD1F2 = {
						CreatedOnToolsVersion = 13.0;
						TestTargetID = 2CB30FCA271C7DC500E8E196;
					};
				};
			};
			buildConfigurationList = 2CB30FC6271C7DC500E8E196 /* Build configuration list for PBXProject "Dogs" */;
			compatibilityVersion = "Xcode 13.0";
			developmentRegion = en;
			hasScannedForEncodings = 0;
			knownRegions = (
				en,
				Base,
			);
			mainGroup = 2CB30FC2271C7DC500E8E196;
			packageReferences = (
				2C423F1C271C8A3A002128CE /* XCRemoteSwiftPackageReference "Swinject" */,
				2C423F1F271C8A60002128CE /* XCRemoteSwiftPackageReference "SwinjectAutoregistration" */,
			);
			productRefGroup = 2CB30FCC271C7DC500E8E196 /* Products */;
			projectDirPath = "";
			projectRoot = "";
			targets = (
				2CB30FCA271C7DC500E8E196 /* Dogs */,
				2CDBA1F6271C915E00CDD1F2 /* DogsTests */,
			);
		};
/* End PBXProject section */

/* Begin PBXResourcesBuildPhase section */
		2CB30FC9271C7DC500E8E196 /* Resources */ = {
			isa = PBXResourcesBuildPhase;
			buildActionMask = 2147483647;
			files = (
				2CB30FD8271C7DC600E8E196 /* Assets.xcassets in Resources */,
				2C423F18271C83B5002128CE /* LaunchScreen.storyboard in Resources */,
			);
			runOnlyForDeploymentPostprocessing = 0;
		};
		2CDBA1F5271C915E00CDD1F2 /* Resources */ = {
			isa = PBXResourcesBuildPhase;
			buildActionMask = 2147483647;
			files = (
			);
			runOnlyForDeploymentPostprocessing = 0;
		};
/* End PBXResourcesBuildPhase section */

/* Begin PBXSourcesBuildPhase section */
		2CB30FC7271C7DC500E8E196 /* Sources */ = {
			isa = PBXSourcesBuildPhase;
			buildActionMask = 2147483647;
			files = (
				2C423F24271C8AB5002128CE /* SwinjectInstanceProvider.swift in Sources */,
				2C423F1B271C88B0002128CE /* InstanceProvider.swift in Sources */,
				2C423F37271C8EAB002128CE /* APIAssembly.swift in Sources */,
				2C423F2B271C8AFE002128CE /* BreedsAssembly.swift in Sources */,
				2C423F34271C8E7F002128CE /* APIConfiguration.swift in Sources */,
				2C609A6C271C927000C564B9 /* Logger.swift in Sources */,
				2C423F28271C8ADD002128CE /* AppStart.swift in Sources */,
				2CB30FCF271C7DC500E8E196 /* AppDelegate.swift in Sources */,
				2CAC2388271C7F1E004DEB5A /* BreedsViewController.swift in Sources */,
				2C423F26271C8ACA002128CE /* InstanceProviderAssembly.swift in Sources */,
			);
			runOnlyForDeploymentPostprocessing = 0;
		};
		2CDBA1F3271C915E00CDD1F2 /* Sources */ = {
			isa = PBXSourcesBuildPhase;
			buildActionMask = 2147483647;
			files = (
				2CDBA1FA271C915E00CDD1F2 /* DogsTests.swift in Sources */,
			);
			runOnlyForDeploymentPostprocessing = 0;
		};
/* End PBXSourcesBuildPhase section */

/* Begin PBXTargetDependency section */
		2CDBA1FC271C915E00CDD1F2 /* PBXTargetDependency */ = {
			isa = PBXTargetDependency;
			target = 2CB30FCA271C7DC500E8E196 /* Dogs */;
			targetProxy = 2CDBA1FB271C915E00CDD1F2 /* PBXContainerItemProxy */;
		};
/* End PBXTargetDependency section */

/* Begin XCBuildConfiguration section */
		2CB30FF3271C7DC600E8E196 /* Debug */ = {
			isa = XCBuildConfiguration;
			buildSettings = {
				ALWAYS_SEARCH_USER_PATHS = NO;
				CLANG_ANALYZER_NONNULL = YES;
				CLANG_ANALYZER_NUMBER_OBJECT_CONVERSION = YES_AGGRESSIVE;
				CLANG_CXX_LANGUAGE_STANDARD = "gnu++17";
				CLANG_CXX_LIBRARY = "libc++";
				CLANG_ENABLE_MODULES = YES;
				CLANG_ENABLE_OBJC_ARC = YES;
				CLANG_ENABLE_OBJC_WEAK = YES;
				CLANG_WARN_BLOCK_CAPTURE_AUTORELEASING = YES;
				CLANG_WARN_BOOL_CONVERSION = YES;
				CLANG_WARN_COMMA = YES;
				CLANG_WARN_CONSTANT_CONVERSION = YES;
				CLANG_WARN_DEPRECATED_OBJC_IMPLEMENTATIONS = YES;
				CLANG_WARN_DIRECT_OBJC_ISA_USAGE = YES_ERROR;
				CLANG_WARN_DOCUMENTATION_COMMENTS = YES;
				CLANG_WARN_EMPTY_BODY = YES;
				CLANG_WARN_ENUM_CONVERSION = YES;
				CLANG_WARN_INFINITE_RECURSION = YES;
				CLANG_WARN_INT_CONVERSION = YES;
				CLANG_WARN_NON_LITERAL_NULL_CONVERSION = YES;
				CLANG_WARN_OBJC_IMPLICIT_RETAIN_SELF = YES;
				CLANG_WARN_OBJC_LITERAL_CONVERSION = YES;
				CLANG_WARN_OBJC_ROOT_CLASS = YES_ERROR;
				CLANG_WARN_QUOTED_INCLUDE_IN_FRAMEWORK_HEADER = YES;
				CLANG_WARN_RANGE_LOOP_ANALYSIS = YES;
				CLANG_WARN_STRICT_PROTOTYPES = YES;
				CLANG_WARN_SUSPICIOUS_MOVE = YES;
				CLANG_WARN_UNGUARDED_AVAILABILITY = YES_AGGRESSIVE;
				CLANG_WARN_UNREACHABLE_CODE = YES;
				CLANG_WARN__DUPLICATE_METHOD_MATCH = YES;
				COPY_PHASE_STRIP = NO;
				DEBUG_INFORMATION_FORMAT = dwarf;
				ENABLE_STRICT_OBJC_MSGSEND = YES;
				ENABLE_TESTABILITY = YES;
				GCC_C_LANGUAGE_STANDARD = gnu11;
				GCC_DYNAMIC_NO_PIC = NO;
				GCC_NO_COMMON_BLOCKS = YES;
				GCC_OPTIMIZATION_LEVEL = 0;
				GCC_PREPROCESSOR_DEFINITIONS = (
					"DEBUG=1",
					"$(inherited)",
				);
				GCC_WARN_64_TO_32_BIT_CONVERSION = YES;
				GCC_WARN_ABOUT_RETURN_TYPE = YES_ERROR;
				GCC_WARN_UNDECLARED_SELECTOR = YES;
				GCC_WARN_UNINITIALIZED_AUTOS = YES_AGGRESSIVE;
				GCC_WARN_UNUSED_FUNCTION = YES;
				GCC_WARN_UNUSED_VARIABLE = YES;
				IPHONEOS_DEPLOYMENT_TARGET = 15.0;
				MTL_ENABLE_DEBUG_INFO = INCLUDE_SOURCE;
				MTL_FAST_MATH = YES;
				ONLY_ACTIVE_ARCH = YES;
				SDKROOT = iphoneos;
				SWIFT_ACTIVE_COMPILATION_CONDITIONS = DEBUG;
				SWIFT_OPTIMIZATION_LEVEL = "-Onone";
			};
			name = Debug;
		};
		2CB30FF4271C7DC600E8E196 /* Release */ = {
			isa = XCBuildConfiguration;
			buildSettings = {
				ALWAYS_SEARCH_USER_PATHS = NO;
				CLANG_ANALYZER_NONNULL = YES;
				CLANG_ANALYZER_NUMBER_OBJECT_CONVERSION = YES_AGGRESSIVE;
				CLANG_CXX_LANGUAGE_STANDARD = "gnu++17";
				CLANG_CXX_LIBRARY = "libc++";
				CLANG_ENABLE_MODULES = YES;
				CLANG_ENABLE_OBJC_ARC = YES;
				CLANG_ENABLE_OBJC_WEAK = YES;
				CLANG_WARN_BLOCK_CAPTURE_AUTORELEASING = YES;
				CLANG_WARN_BOOL_CONVERSION = YES;
				CLANG_WARN_COMMA = YES;
				CLANG_WARN_CONSTANT_CONVERSION = YES;
				CLANG_WARN_DEPRECATED_OBJC_IMPLEMENTATIONS = YES;
				CLANG_WARN_DIRECT_OBJC_ISA_USAGE = YES_ERROR;
				CLANG_WARN_DOCUMENTATION_COMMENTS = YES;
				CLANG_WARN_EMPTY_BODY = YES;
				CLANG_WARN_ENUM_CONVERSION = YES;
				CLANG_WARN_INFINITE_RECURSION = YES;
				CLANG_WARN_INT_CONVERSION = YES;
				CLANG_WARN_NON_LITERAL_NULL_CONVERSION = YES;
				CLANG_WARN_OBJC_IMPLICIT_RETAIN_SELF = YES;
				CLANG_WARN_OBJC_LITERAL_CONVERSION = YES;
				CLANG_WARN_OBJC_ROOT_CLASS = YES_ERROR;
				CLANG_WARN_QUOTED_INCLUDE_IN_FRAMEWORK_HEADER = YES;
				CLANG_WARN_RANGE_LOOP_ANALYSIS = YES;
				CLANG_WARN_STRICT_PROTOTYPES = YES;
				CLANG_WARN_SUSPICIOUS_MOVE = YES;
				CLANG_WARN_UNGUARDED_AVAILABILITY = YES_AGGRESSIVE;
				CLANG_WARN_UNREACHABLE_CODE = YES;
				CLANG_WARN__DUPLICATE_METHOD_MATCH = YES;
				COPY_PHASE_STRIP = NO;
				DEBUG_INFORMATION_FORMAT = "dwarf-with-dsym";
				ENABLE_NS_ASSERTIONS = NO;
				ENABLE_STRICT_OBJC_MSGSEND = YES;
				GCC_C_LANGUAGE_STANDARD = gnu11;
				GCC_NO_COMMON_BLOCKS = YES;
				GCC_WARN_64_TO_32_BIT_CONVERSION = YES;
				GCC_WARN_ABOUT_RETURN_TYPE = YES_ERROR;
				GCC_WARN_UNDECLARED_SELECTOR = YES;
				GCC_WARN_UNINITIALIZED_AUTOS = YES_AGGRESSIVE;
				GCC_WARN_UNUSED_FUNCTION = YES;
				GCC_WARN_UNUSED_VARIABLE = YES;
				IPHONEOS_DEPLOYMENT_TARGET = 15.0;
				MTL_ENABLE_DEBUG_INFO = NO;
				MTL_FAST_MATH = YES;
				SDKROOT = iphoneos;
				SWIFT_COMPILATION_MODE = wholemodule;
				SWIFT_OPTIMIZATION_LEVEL = "-O";
				VALIDATE_PRODUCT = YES;
			};
			name = Release;
		};
		2CB30FF6271C7DC600E8E196 /* Debug */ = {
			isa = XCBuildConfiguration;
			buildSettings = {
				ASSETCATALOG_COMPILER_APPICON_NAME = AppIcon;
				ASSETCATALOG_COMPILER_GLOBAL_ACCENT_COLOR_NAME = AccentColor;
				CODE_SIGN_IDENTITY = "iPhone Developer";
				CODE_SIGN_STYLE = Manual;
				CURRENT_PROJECT_VERSION = 1;
				DEVELOPMENT_TEAM = 473264X5JK;
				GENERATE_INFOPLIST_FILE = YES;
				INFOPLIST_FILE = Dogs/App/Assets/Info.plist;
				INFOPLIST_KEY_UIApplicationSupportsIndirectInputEvents = YES;
				INFOPLIST_KEY_UILaunchStoryboardName = LaunchScreen;
				INFOPLIST_KEY_UISupportedInterfaceOrientations = "UIInterfaceOrientationPortrait UIInterfaceOrientationPortraitUpsideDown";
				INFOPLIST_KEY_UISupportedInterfaceOrientations_iPad = "UIInterfaceOrientationPortrait UIInterfaceOrientationPortraitUpsideDown UIInterfaceOrientationLandscapeLeft UIInterfaceOrientationLandscapeRight";
				INFOPLIST_KEY_UISupportedInterfaceOrientations_iPhone = "UIInterfaceOrientationPortrait UIInterfaceOrientationLandscapeLeft UIInterfaceOrientationLandscapeRight";
				LD_RUNPATH_SEARCH_PATHS = (
					"$(inherited)",
					"@executable_path/Frameworks",
				);
				MARKETING_VERSION = 1.0;
				PRODUCT_BUNDLE_IDENTIFIER = huspenina.libor.Dogs;
				PRODUCT_NAME = "$(TARGET_NAME)";
				PROVISIONING_PROFILE_SPECIFIER = "iOS Development";
				SWIFT_EMIT_LOC_STRINGS = YES;
				SWIFT_VERSION = 5.0;
				TARGETED_DEVICE_FAMILY = 1;
			};
			name = Debug;
		};
		2CB30FF7271C7DC600E8E196 /* Release */ = {
			isa = XCBuildConfiguration;
			buildSettings = {
				ASSETCATALOG_COMPILER_APPICON_NAME = AppIcon;
				ASSETCATALOG_COMPILER_GLOBAL_ACCENT_COLOR_NAME = AccentColor;
				CODE_SIGN_IDENTITY = "iPhone Developer";
				CODE_SIGN_STYLE = Manual;
				CURRENT_PROJECT_VERSION = 1;
				DEVELOPMENT_TEAM = 473264X5JK;
				GENERATE_INFOPLIST_FILE = YES;
				INFOPLIST_FILE = Dogs/App/Assets/Info.plist;
				INFOPLIST_KEY_UIApplicationSupportsIndirectInputEvents = YES;
				INFOPLIST_KEY_UILaunchStoryboardName = LaunchScreen;
				INFOPLIST_KEY_UISupportedInterfaceOrientations = "UIInterfaceOrientationPortrait UIInterfaceOrientationPortraitUpsideDown";
				INFOPLIST_KEY_UISupportedInterfaceOrientations_iPad = "UIInterfaceOrientationPortrait UIInterfaceOrientationPortraitUpsideDown UIInterfaceOrientationLandscapeLeft UIInterfaceOrientationLandscapeRight";
				INFOPLIST_KEY_UISupportedInterfaceOrientations_iPhone = "UIInterfaceOrientationPortrait UIInterfaceOrientationLandscapeLeft UIInterfaceOrientationLandscapeRight";
				LD_RUNPATH_SEARCH_PATHS = (
					"$(inherited)",
					"@executable_path/Frameworks",
				);
				MARKETING_VERSION = 1.0;
				PRODUCT_BUNDLE_IDENTIFIER = huspenina.libor.Dogs;
				PRODUCT_NAME = "$(TARGET_NAME)";
				PROVISIONING_PROFILE_SPECIFIER = "iOS Development";
				SWIFT_EMIT_LOC_STRINGS = YES;
				SWIFT_VERSION = 5.0;
				TARGETED_DEVICE_FAMILY = 1;
			};
			name = Release;
		};
		2CDBA1FE271C915E00CDD1F2 /* Debug */ = {
			isa = XCBuildConfiguration;
			buildSettings = {
				BUNDLE_LOADER = "$(TEST_HOST)";
				CODE_SIGN_STYLE = Automatic;
				CURRENT_PROJECT_VERSION = 1;
				GENERATE_INFOPLIST_FILE = YES;
				LD_RUNPATH_SEARCH_PATHS = (
					"$(inherited)",
					"@executable_path/Frameworks",
					"@loader_path/Frameworks",
				);
				MARKETING_VERSION = 1.0;
				PRODUCT_BUNDLE_IDENTIFIER = huspenina.libor.DogsTests;
				PRODUCT_NAME = "$(TARGET_NAME)";
				SWIFT_EMIT_LOC_STRINGS = NO;
				SWIFT_VERSION = 5.0;
				TARGETED_DEVICE_FAMILY = "1,2";
				TEST_HOST = "$(BUILT_PRODUCTS_DIR)/Dogs.app/Dogs";
			};
			name = Debug;
		};
		2CDBA1FF271C915E00CDD1F2 /* Release */ = {
			isa = XCBuildConfiguration;
			buildSettings = {
				BUNDLE_LOADER = "$(TEST_HOST)";
				CODE_SIGN_STYLE = Automatic;
				CURRENT_PROJECT_VERSION = 1;
				GENERATE_INFOPLIST_FILE = YES;
				LD_RUNPATH_SEARCH_PATHS = (
					"$(inherited)",
					"@executable_path/Frameworks",
					"@loader_path/Frameworks",
				);
				MARKETING_VERSION = 1.0;
				PRODUCT_BUNDLE_IDENTIFIER = huspenina.libor.DogsTests;
				PRODUCT_NAME = "$(TARGET_NAME)";
				SWIFT_EMIT_LOC_STRINGS = NO;
				SWIFT_VERSION = 5.0;
				TARGETED_DEVICE_FAMILY = "1,2";
				TEST_HOST = "$(BUILT_PRODUCTS_DIR)/Dogs.app/Dogs";
			};
			name = Release;
		};
/* End XCBuildConfiguration section */

/* Begin XCConfigurationList section */
		2CB30FC6271C7DC500E8E196 /* Build configuration list for PBXProject "Dogs" */ = {
			isa = XCConfigurationList;
			buildConfigurations = (
				2CB30FF3271C7DC600E8E196 /* Debug */,
				2CB30FF4271C7DC600E8E196 /* Release */,
			);
			defaultConfigurationIsVisible = 0;
			defaultConfigurationName = Release;
		};
		2CB30FF5271C7DC600E8E196 /* Build configuration list for PBXNativeTarget "Dogs" */ = {
			isa = XCConfigurationList;
			buildConfigurations = (
				2CB30FF6271C7DC600E8E196 /* Debug */,
				2CB30FF7271C7DC600E8E196 /* Release */,
			);
			defaultConfigurationIsVisible = 0;
			defaultConfigurationName = Release;
		};
		2CDBA1FD271C915E00CDD1F2 /* Build configuration list for PBXNativeTarget "DogsTests" */ = {
			isa = XCConfigurationList;
			buildConfigurations = (
				2CDBA1FE271C915E00CDD1F2 /* Debug */,
				2CDBA1FF271C915E00CDD1F2 /* Release */,
			);
			defaultConfigurationIsVisible = 0;
			defaultConfigurationName = Release;
		};
/* End XCConfigurationList section */

/* Begin XCRemoteSwiftPackageReference section */
		2C423F1C271C8A3A002128CE /* XCRemoteSwiftPackageReference "Swinject" */ = {
			isa = XCRemoteSwiftPackageReference;
			repositoryURL = "https://github.com/Swinject/Swinject";
			requirement = {
				kind = upToNextMajorVersion;
				minimumVersion = 2.0.0;
			};
		};
		2C423F1F271C8A60002128CE /* XCRemoteSwiftPackageReference "SwinjectAutoregistration" */ = {
			isa = XCRemoteSwiftPackageReference;
			repositoryURL = "https://github.com/Swinject/SwinjectAutoregistration";
			requirement = {
				kind = upToNextMajorVersion;
				minimumVersion = 2.0.0;
			};
		};
/* End XCRemoteSwiftPackageReference section */

/* Begin XCSwiftPackageProductDependency section */
		2C423F1D271C8A3A002128CE /* Swinject */ = {
			isa = XCSwiftPackageProductDependency;
			package = 2C423F1C271C8A3A002128CE /* XCRemoteSwiftPackageReference "Swinject" */;
			productName = Swinject;
		};
		2C423F2D271C8B70002128CE /* SwinjectAutoregistration */ = {
			isa = XCSwiftPackageProductDependency;
			package = 2C423F1F271C8A60002128CE /* XCRemoteSwiftPackageReference "SwinjectAutoregistration" */;
			productName = SwinjectAutoregistration;
		};
/* End XCSwiftPackageProductDependency section */
	};
	rootObject = 2CB30FC3271C7DC500E8E196 /* Project object */;
}
